// !$*UTF8*$!
{
	archiveVersion = 1;
	classes = {
	};
	objectVersion = 56;
	objects = {

/* Begin PBXBuildFile section */
		E50C1FCF29CC3330001587FA /* dishes.json in Resources */ = {isa = PBXBuildFile; fileRef = E50C1FCE29CC3330001587FA /* dishes.json */; };
		E53FBAAB29F917F100D6FC44 /* CalendarView.swift in Sources */ = {isa = PBXBuildFile; fileRef = E53FBAAA29F917F100D6FC44 /* CalendarView.swift */; };
		E53FBAAD29F9180500D6FC44 /* DayStatsView.swift in Sources */ = {isa = PBXBuildFile; fileRef = E53FBAAC29F9180500D6FC44 /* DayStatsView.swift */; };
		E541E24A2A1CC8CE0076864A /* TextField.swift in Sources */ = {isa = PBXBuildFile; fileRef = E541E2492A1CC8CE0076864A /* TextField.swift */; };
		E541E24D2A1CD0150076864A /* SegmentedControl.swift in Sources */ = {isa = PBXBuildFile; fileRef = E541E24C2A1CD0150076864A /* SegmentedControl.swift */; };
		E5438ED929D6EA2A00C11BD8 /* Router.swift in Sources */ = {isa = PBXBuildFile; fileRef = E5438ED829D6EA2A00C11BD8 /* Router.swift */; };
		E5438EDC29D6EA4200C11BD8 /* Assembly.swift in Sources */ = {isa = PBXBuildFile; fileRef = E5438EDB29D6EA4200C11BD8 /* Assembly.swift */; };
		E5438EE029D7174E00C11BD8 /* DayPresenter.swift in Sources */ = {isa = PBXBuildFile; fileRef = E5438EDF29D7174E00C11BD8 /* DayPresenter.swift */; };
		E5438EE229D752A800C11BD8 /* SettingsPresenter.swift in Sources */ = {isa = PBXBuildFile; fileRef = E5438EE129D752A700C11BD8 /* SettingsPresenter.swift */; };
		E5438EE429D7791D00C11BD8 /* DishesPresenter.swift in Sources */ = {isa = PBXBuildFile; fileRef = E5438EE329D7791D00C11BD8 /* DishesPresenter.swift */; };
		E551077529D0467300BBB6EE /* DishAmountViewController.swift in Sources */ = {isa = PBXBuildFile; fileRef = E5A53C3A29C644D50056EDC6 /* DishAmountViewController.swift */; };
		E551077629D0467300BBB6EE /* DishesViewController.swift in Sources */ = {isa = PBXBuildFile; fileRef = E58C010B29C235BC0021FAEB /* DishesViewController.swift */; };
		E551077729D0467300BBB6EE /* DayViewController.swift in Sources */ = {isa = PBXBuildFile; fileRef = E58C010F29C235F90021FAEB /* DayViewController.swift */; };
		E551077829D0467300BBB6EE /* NewDishViewController.swift in Sources */ = {isa = PBXBuildFile; fileRef = E5A53C1629C450000056EDC6 /* NewDishViewController.swift */; };
		E551077929D0467300BBB6EE /* DishChooserViewController.swift in Sources */ = {isa = PBXBuildFile; fileRef = E5A53C1429C44B4D0056EDC6 /* DishChooserViewController.swift */; };
		E551077A29D0468800BBB6EE /* UIImage.swift in Sources */ = {isa = PBXBuildFile; fileRef = E58C011129C236400021FAEB /* UIImage.swift */; };
		E551077C29D0468800BBB6EE /* AppDelegate.swift in Sources */ = {isa = PBXBuildFile; fileRef = E58C00EC29C234DF0021FAEB /* AppDelegate.swift */; };
		E551077E29D0468800BBB6EE /* SettingsViewController.swift in Sources */ = {isa = PBXBuildFile; fileRef = E58C010929C235840021FAEB /* SettingsViewController.swift */; };
		E551077F29D046A000BBB6EE /* Dish.swift in Sources */ = {isa = PBXBuildFile; fileRef = E58C010729C235660021FAEB /* Dish.swift */; };
		E551078129D0470300BBB6EE /* FoodDiary.xcdatamodeld in Sources */ = {isa = PBXBuildFile; fileRef = E50C1FC929CC2D85001587FA /* FoodDiary.xcdatamodeld */; };
		E574921B29DCAB9A0014FC00 /* NameDetailCell.swift in Sources */ = {isa = PBXBuildFile; fileRef = E574921A29DCAB9A0014FC00 /* NameDetailCell.swift */; };
		E574921D29DCABA90014FC00 /* NameDetailCellModel.swift in Sources */ = {isa = PBXBuildFile; fileRef = E574921C29DCABA90014FC00 /* NameDetailCellModel.swift */; };
		E574921F29DCAE710014FC00 /* ConfigurableViewProtocol.swift in Sources */ = {isa = PBXBuildFile; fileRef = E574921E29DCAE710014FC00 /* ConfigurableViewProtocol.swift */; };
		E574922129DD86390014FC00 /* DishAmountPresenter.swift in Sources */ = {isa = PBXBuildFile; fileRef = E574922029DD86390014FC00 /* DishAmountPresenter.swift */; };
		E574922329DD96BC0014FC00 /* DishChooserPresenter.swift in Sources */ = {isa = PBXBuildFile; fileRef = E574922229DD96BC0014FC00 /* DishChooserPresenter.swift */; };
		E574922529DDA27F0014FC00 /* DishAmountModel.swift in Sources */ = {isa = PBXBuildFile; fileRef = E574922429DDA27F0014FC00 /* DishAmountModel.swift */; };
		E57C4AF62A1B6F8300490238 /* Labels.swift in Sources */ = {isa = PBXBuildFile; fileRef = E57C4AF52A1B6F8300490238 /* Labels.swift */; };
		E57C4AFA2A1B707900490238 /* Button.swift in Sources */ = {isa = PBXBuildFile; fileRef = E57C4AF92A1B707900490238 /* Button.swift */; };
		E57C4AFD2A1B718800490238 /* Stepper.swift in Sources */ = {isa = PBXBuildFile; fileRef = E57C4AFC2A1B718800490238 /* Stepper.swift */; };
		E57C4B002A1B766700490238 /* SearchBar.swift in Sources */ = {isa = PBXBuildFile; fileRef = E57C4AFF2A1B766700490238 /* SearchBar.swift */; };
		E57C4B032A1B775B00490238 /* TableView.swift in Sources */ = {isa = PBXBuildFile; fileRef = E57C4B022A1B775B00490238 /* TableView.swift */; };
		E57C4B052A1B823E00490238 /* FetchedResultController.swift in Sources */ = {isa = PBXBuildFile; fileRef = E57C4B042A1B823E00490238 /* FetchedResultController.swift */; };
		E57C4B072A1BB6EA00490238 /* KeychainService.swift in Sources */ = {isa = PBXBuildFile; fileRef = E57C4B062A1BB6EA00490238 /* KeychainService.swift */; };
		E58C00FC29C234E00021FAEB /* LaunchScreen.storyboard in Resources */ = {isa = PBXBuildFile; fileRef = E58C00FA29C234E00021FAEB /* LaunchScreen.storyboard */; };
		E5ACD3FC29F8F82E005C7698 /* LineChartView.swift in Sources */ = {isa = PBXBuildFile; fileRef = E5ACD3FB29F8F82E005C7698 /* LineChartView.swift */; };
		E5BC9D7429E16E9B00E048C2 /* ProfileSettingViewController.swift in Sources */ = {isa = PBXBuildFile; fileRef = E5BC9D7329E16E9B00E048C2 /* ProfileSettingViewController.swift */; };
		E5BC9D7629E16EB700E048C2 /* MealSettingViewController.swift in Sources */ = {isa = PBXBuildFile; fileRef = E5BC9D7529E16EB700E048C2 /* MealSettingViewController.swift */; };
		E5D0730729D34A2200C26154 /* CoreDataStack.swift in Sources */ = {isa = PBXBuildFile; fileRef = E5D0730629D34A2200C26154 /* CoreDataStack.swift */; };
		E5D6FF4429E7EE6000881AA4 /* NewDishPresenter.swift in Sources */ = {isa = PBXBuildFile; fileRef = E5D6FF4329E7EE6000881AA4 /* NewDishPresenter.swift */; };
		E5D6FF4629E8170700881AA4 /* NewDishModel.swift in Sources */ = {isa = PBXBuildFile; fileRef = E5D6FF4529E8170700881AA4 /* NewDishModel.swift */; };
		E5E6DEE229F578AF00E0A15C /* PieChartView.swift in Sources */ = {isa = PBXBuildFile; fileRef = E5E6DEE129F578AF00E0A15C /* PieChartView.swift */; };
/* End PBXBuildFile section */

/* Begin PBXFileReference section */
		E50C1FCA29CC2D85001587FA /* FoodDiary.xcdatamodel */ = {isa = PBXFileReference; lastKnownFileType = wrapper.xcdatamodel; path = FoodDiary.xcdatamodel; sourceTree = "<group>"; };
		E50C1FCE29CC3330001587FA /* dishes.json */ = {isa = PBXFileReference; fileEncoding = 4; lastKnownFileType = text.json; path = dishes.json; sourceTree = "<group>"; };
		E53FBAAA29F917F100D6FC44 /* CalendarView.swift */ = {isa = PBXFileReference; lastKnownFileType = sourcecode.swift; path = CalendarView.swift; sourceTree = "<group>"; };
		E53FBAAC29F9180500D6FC44 /* DayStatsView.swift */ = {isa = PBXFileReference; lastKnownFileType = sourcecode.swift; path = DayStatsView.swift; sourceTree = "<group>"; };
		E541E2492A1CC8CE0076864A /* TextField.swift */ = {isa = PBXFileReference; lastKnownFileType = sourcecode.swift; path = TextField.swift; sourceTree = "<group>"; };
		E541E24C2A1CD0150076864A /* SegmentedControl.swift */ = {isa = PBXFileReference; lastKnownFileType = sourcecode.swift; path = SegmentedControl.swift; sourceTree = "<group>"; };
		E5438ED829D6EA2A00C11BD8 /* Router.swift */ = {isa = PBXFileReference; lastKnownFileType = sourcecode.swift; path = Router.swift; sourceTree = "<group>"; };
		E5438EDB29D6EA4200C11BD8 /* Assembly.swift */ = {isa = PBXFileReference; lastKnownFileType = sourcecode.swift; path = Assembly.swift; sourceTree = "<group>"; };
		E5438EDF29D7174E00C11BD8 /* DayPresenter.swift */ = {isa = PBXFileReference; lastKnownFileType = sourcecode.swift; path = DayPresenter.swift; sourceTree = "<group>"; };
		E5438EE129D752A700C11BD8 /* SettingsPresenter.swift */ = {isa = PBXFileReference; lastKnownFileType = sourcecode.swift; path = SettingsPresenter.swift; sourceTree = "<group>"; };
		E5438EE329D7791D00C11BD8 /* DishesPresenter.swift */ = {isa = PBXFileReference; lastKnownFileType = sourcecode.swift; path = DishesPresenter.swift; sourceTree = "<group>"; };
		E574921A29DCAB9A0014FC00 /* NameDetailCell.swift */ = {isa = PBXFileReference; lastKnownFileType = sourcecode.swift; path = NameDetailCell.swift; sourceTree = "<group>"; };
		E574921C29DCABA90014FC00 /* NameDetailCellModel.swift */ = {isa = PBXFileReference; lastKnownFileType = sourcecode.swift; path = NameDetailCellModel.swift; sourceTree = "<group>"; };
		E574921E29DCAE710014FC00 /* ConfigurableViewProtocol.swift */ = {isa = PBXFileReference; lastKnownFileType = sourcecode.swift; path = ConfigurableViewProtocol.swift; sourceTree = "<group>"; };
		E574922029DD86390014FC00 /* DishAmountPresenter.swift */ = {isa = PBXFileReference; lastKnownFileType = sourcecode.swift; path = DishAmountPresenter.swift; sourceTree = "<group>"; };
		E574922229DD96BC0014FC00 /* DishChooserPresenter.swift */ = {isa = PBXFileReference; lastKnownFileType = sourcecode.swift; path = DishChooserPresenter.swift; sourceTree = "<group>"; };
		E574922429DDA27F0014FC00 /* DishAmountModel.swift */ = {isa = PBXFileReference; lastKnownFileType = sourcecode.swift; path = DishAmountModel.swift; sourceTree = "<group>"; };
		E57C4AF52A1B6F8300490238 /* Labels.swift */ = {isa = PBXFileReference; lastKnownFileType = sourcecode.swift; path = Labels.swift; sourceTree = "<group>"; };
		E57C4AF92A1B707900490238 /* Button.swift */ = {isa = PBXFileReference; lastKnownFileType = sourcecode.swift; path = Button.swift; sourceTree = "<group>"; };
		E57C4AFC2A1B718800490238 /* Stepper.swift */ = {isa = PBXFileReference; lastKnownFileType = sourcecode.swift; path = Stepper.swift; sourceTree = "<group>"; };
		E57C4AFF2A1B766700490238 /* SearchBar.swift */ = {isa = PBXFileReference; lastKnownFileType = sourcecode.swift; path = SearchBar.swift; sourceTree = "<group>"; };
		E57C4B022A1B775B00490238 /* TableView.swift */ = {isa = PBXFileReference; lastKnownFileType = sourcecode.swift; path = TableView.swift; sourceTree = "<group>"; };
		E57C4B042A1B823E00490238 /* FetchedResultController.swift */ = {isa = PBXFileReference; lastKnownFileType = sourcecode.swift; path = FetchedResultController.swift; sourceTree = "<group>"; };
		E57C4B062A1BB6EA00490238 /* KeychainService.swift */ = {isa = PBXFileReference; lastKnownFileType = sourcecode.swift; path = KeychainService.swift; sourceTree = "<group>"; };
		E58C00E929C234DF0021FAEB /* FoodDiary.app */ = {isa = PBXFileReference; explicitFileType = wrapper.application; includeInIndex = 0; path = FoodDiary.app; sourceTree = BUILT_PRODUCTS_DIR; };
		E58C00EC29C234DF0021FAEB /* AppDelegate.swift */ = {isa = PBXFileReference; lastKnownFileType = sourcecode.swift; path = AppDelegate.swift; sourceTree = "<group>"; };
		E58C00FB29C234E00021FAEB /* Base */ = {isa = PBXFileReference; lastKnownFileType = file.storyboard; name = Base; path = Base.lproj/LaunchScreen.storyboard; sourceTree = "<group>"; };
		E58C010729C235660021FAEB /* Dish.swift */ = {isa = PBXFileReference; lastKnownFileType = sourcecode.swift; path = Dish.swift; sourceTree = "<group>"; };
		E58C010929C235840021FAEB /* SettingsViewController.swift */ = {isa = PBXFileReference; lastKnownFileType = sourcecode.swift; path = SettingsViewController.swift; sourceTree = "<group>"; };
		E58C010B29C235BC0021FAEB /* DishesViewController.swift */ = {isa = PBXFileReference; lastKnownFileType = sourcecode.swift; path = DishesViewController.swift; sourceTree = "<group>"; };
		E58C010F29C235F90021FAEB /* DayViewController.swift */ = {isa = PBXFileReference; lastKnownFileType = sourcecode.swift; path = DayViewController.swift; sourceTree = "<group>"; };
		E58C011129C236400021FAEB /* UIImage.swift */ = {isa = PBXFileReference; lastKnownFileType = sourcecode.swift; path = UIImage.swift; sourceTree = "<group>"; };
		E5A53C1429C44B4D0056EDC6 /* DishChooserViewController.swift */ = {isa = PBXFileReference; lastKnownFileType = sourcecode.swift; path = DishChooserViewController.swift; sourceTree = "<group>"; };
		E5A53C1629C450000056EDC6 /* NewDishViewController.swift */ = {isa = PBXFileReference; lastKnownFileType = sourcecode.swift; path = NewDishViewController.swift; sourceTree = "<group>"; };
		E5A53C3829C59A990056EDC6 /* Info.plist */ = {isa = PBXFileReference; lastKnownFileType = text.plist.xml; path = Info.plist; sourceTree = "<group>"; };
		E5A53C3929C59A9E0056EDC6 /* Assets.xcassets */ = {isa = PBXFileReference; lastKnownFileType = folder.assetcatalog; path = Assets.xcassets; sourceTree = "<group>"; };
		E5A53C3A29C644D50056EDC6 /* DishAmountViewController.swift */ = {isa = PBXFileReference; lastKnownFileType = sourcecode.swift; path = DishAmountViewController.swift; sourceTree = "<group>"; };
		E5ACD3FB29F8F82E005C7698 /* LineChartView.swift */ = {isa = PBXFileReference; lastKnownFileType = sourcecode.swift; path = LineChartView.swift; sourceTree = "<group>"; };
		E5BC9D7329E16E9B00E048C2 /* ProfileSettingViewController.swift */ = {isa = PBXFileReference; lastKnownFileType = sourcecode.swift; path = ProfileSettingViewController.swift; sourceTree = "<group>"; };
		E5BC9D7529E16EB700E048C2 /* MealSettingViewController.swift */ = {isa = PBXFileReference; lastKnownFileType = sourcecode.swift; path = MealSettingViewController.swift; sourceTree = "<group>"; };
		E5D0730629D34A2200C26154 /* CoreDataStack.swift */ = {isa = PBXFileReference; fileEncoding = 4; lastKnownFileType = sourcecode.swift; path = CoreDataStack.swift; sourceTree = "<group>"; };
		E5D6FF4329E7EE6000881AA4 /* NewDishPresenter.swift */ = {isa = PBXFileReference; lastKnownFileType = sourcecode.swift; path = NewDishPresenter.swift; sourceTree = "<group>"; };
		E5D6FF4529E8170700881AA4 /* NewDishModel.swift */ = {isa = PBXFileReference; lastKnownFileType = sourcecode.swift; path = NewDishModel.swift; sourceTree = "<group>"; };
		E5E6DEE129F578AF00E0A15C /* PieChartView.swift */ = {isa = PBXFileReference; lastKnownFileType = sourcecode.swift; path = PieChartView.swift; sourceTree = "<group>"; };
/* End PBXFileReference section */

/* Begin PBXFrameworksBuildPhase section */
		E58C00E629C234DF0021FAEB /* Frameworks */ = {
			isa = PBXFrameworksBuildPhase;
			buildActionMask = 2147483647;
			files = (
			);
			runOnlyForDeploymentPostprocessing = 0;
		};
/* End PBXFrameworksBuildPhase section */

/* Begin PBXGroup section */
		E541E2482A1CC8B40076864A /* TextFields */ = {
			isa = PBXGroup;
			children = (
				E541E2492A1CC8CE0076864A /* TextField.swift */,
			);
			path = TextFields;
			sourceTree = "<group>";
		};
		E541E24B2A1CCFF80076864A /* SegmentedControl */ = {
			isa = PBXGroup;
			children = (
				E541E24C2A1CD0150076864A /* SegmentedControl.swift */,
			);
			path = SegmentedControl;
			sourceTree = "<group>";
		};
		E5438EB429D6DBB300C11BD8 /* Database */ = {
			isa = PBXGroup;
			children = (
				E57C4B042A1B823E00490238 /* FetchedResultController.swift */,
				E50C1FCE29CC3330001587FA /* dishes.json */,
				E5D0730629D34A2200C26154 /* CoreDataStack.swift */,
				E50C1FC929CC2D85001587FA /* FoodDiary.xcdatamodeld */,
				E57C4B062A1BB6EA00490238 /* KeychainService.swift */,
			);
			path = Database;
			sourceTree = "<group>";
		};
		E5438EB529D6DC0400C11BD8 /* Application */ = {
			isa = PBXGroup;
			children = (
				E58C00EC29C234DF0021FAEB /* AppDelegate.swift */,
			);
			path = Application;
			sourceTree = "<group>";
		};
		E5438EB929D6DE2300C11BD8 /* Resources */ = {
			isa = PBXGroup;
			children = (
				E5A53C3929C59A9E0056EDC6 /* Assets.xcassets */,
				E5A53C3829C59A990056EDC6 /* Info.plist */,
			);
			path = Resources;
			sourceTree = "<group>";
		};
		E5438EBA29D6DE7500C11BD8 /* Modules */ = {
			isa = PBXGroup;
			children = (
				E57C4AF22A1B69FA00490238 /* Assembly */,
				E57C4AF12A1B69EE00490238 /* Router */,
				E5438ECF29D6E0CF00C11BD8 /* DishAmountModule */,
				E5438ECB29D6DF8D00C11BD8 /* DishChooserModule */,
				E5438EC729D6DF4700C11BD8 /* NewDishModule */,
				E5438EC329D6DEFD00C11BD8 /* DishesModule */,
				E5438EBC29D6DEAB00C11BD8 /* SettingsModule */,
				E5438EBB29D6DE7D00C11BD8 /* CalendarModule */,
			);
			path = Modules;
			sourceTree = "<group>";
		};
		E5438EBB29D6DE7D00C11BD8 /* CalendarModule */ = {
			isa = PBXGroup;
			children = (
				E5438EC229D6DEF700C11BD8 /* Presenter */,
				E5438EC129D6DEF200C11BD8 /* Model */,
				E5438EC029D6DEED00C11BD8 /* View */,
			);
			path = CalendarModule;
			sourceTree = "<group>";
		};
		E5438EBC29D6DEAB00C11BD8 /* SettingsModule */ = {
			isa = PBXGroup;
			children = (
				E5438EBF29D6DECE00C11BD8 /* View */,
				E5438EBE29D6DEC500C11BD8 /* Model */,
				E5438EBD29D6DEB600C11BD8 /* Presenter */,
			);
			path = SettingsModule;
			sourceTree = "<group>";
		};
		E5438EBD29D6DEB600C11BD8 /* Presenter */ = {
			isa = PBXGroup;
			children = (
				E5438EE129D752A700C11BD8 /* SettingsPresenter.swift */,
			);
			path = Presenter;
			sourceTree = "<group>";
		};
		E5438EBE29D6DEC500C11BD8 /* Model */ = {
			isa = PBXGroup;
			children = (
			);
			path = Model;
			sourceTree = "<group>";
		};
		E5438EBF29D6DECE00C11BD8 /* View */ = {
			isa = PBXGroup;
			children = (
				E58C010929C235840021FAEB /* SettingsViewController.swift */,
				E5BC9D7329E16E9B00E048C2 /* ProfileSettingViewController.swift */,
				E5BC9D7529E16EB700E048C2 /* MealSettingViewController.swift */,
			);
			path = View;
			sourceTree = "<group>";
		};
		E5438EC029D6DEED00C11BD8 /* View */ = {
			isa = PBXGroup;
			children = (
				E58C010F29C235F90021FAEB /* DayViewController.swift */,
				E53FBAAA29F917F100D6FC44 /* CalendarView.swift */,
				E53FBAAC29F9180500D6FC44 /* DayStatsView.swift */,
			);
			path = View;
			sourceTree = "<group>";
		};
		E5438EC129D6DEF200C11BD8 /* Model */ = {
			isa = PBXGroup;
			children = (
			);
			path = Model;
			sourceTree = "<group>";
		};
		E5438EC229D6DEF700C11BD8 /* Presenter */ = {
			isa = PBXGroup;
			children = (
				E5438EDF29D7174E00C11BD8 /* DayPresenter.swift */,
			);
			path = Presenter;
			sourceTree = "<group>";
		};
		E5438EC329D6DEFD00C11BD8 /* DishesModule */ = {
			isa = PBXGroup;
			children = (
				E5438EC629D6DF2C00C11BD8 /* Presenter */,
				E5438EC529D6DF2800C11BD8 /* Model */,
				E5438EC429D6DF2300C11BD8 /* View */,
			);
			path = DishesModule;
			sourceTree = "<group>";
		};
		E5438EC429D6DF2300C11BD8 /* View */ = {
			isa = PBXGroup;
			children = (
				E58C010B29C235BC0021FAEB /* DishesViewController.swift */,
			);
			path = View;
			sourceTree = "<group>";
		};
		E5438EC529D6DF2800C11BD8 /* Model */ = {
			isa = PBXGroup;
			children = (
				E58C010729C235660021FAEB /* Dish.swift */,
			);
			path = Model;
			sourceTree = "<group>";
		};
		E5438EC629D6DF2C00C11BD8 /* Presenter */ = {
			isa = PBXGroup;
			children = (
				E5438EE329D7791D00C11BD8 /* DishesPresenter.swift */,
			);
			path = Presenter;
			sourceTree = "<group>";
		};
		E5438EC729D6DF4700C11BD8 /* NewDishModule */ = {
			isa = PBXGroup;
			children = (
				E5438ECA29D6DF6700C11BD8 /* View */,
				E5438EC929D6DF6100C11BD8 /* Presenter */,
				E5438EC829D6DF5900C11BD8 /* Model */,
			);
			path = NewDishModule;
			sourceTree = "<group>";
		};
		E5438EC829D6DF5900C11BD8 /* Model */ = {
			isa = PBXGroup;
			children = (
				E5D6FF4529E8170700881AA4 /* NewDishModel.swift */,
			);
			path = Model;
			sourceTree = "<group>";
		};
		E5438EC929D6DF6100C11BD8 /* Presenter */ = {
			isa = PBXGroup;
			children = (
				E5D6FF4329E7EE6000881AA4 /* NewDishPresenter.swift */,
			);
			path = Presenter;
			sourceTree = "<group>";
		};
		E5438ECA29D6DF6700C11BD8 /* View */ = {
			isa = PBXGroup;
			children = (
				E5A53C1629C450000056EDC6 /* NewDishViewController.swift */,
			);
			path = View;
			sourceTree = "<group>";
		};
		E5438ECB29D6DF8D00C11BD8 /* DishChooserModule */ = {
			isa = PBXGroup;
			children = (
				E5438ECE29D6DFD800C11BD8 /* Presenter */,
				E5438ECD29D6DFD000C11BD8 /* View */,
				E5438ECC29D6DFCA00C11BD8 /* Model */,
			);
			path = DishChooserModule;
			sourceTree = "<group>";
		};
		E5438ECC29D6DFCA00C11BD8 /* Model */ = {
			isa = PBXGroup;
			children = (
			);
			path = Model;
			sourceTree = "<group>";
		};
		E5438ECD29D6DFD000C11BD8 /* View */ = {
			isa = PBXGroup;
			children = (
				E5A53C1429C44B4D0056EDC6 /* DishChooserViewController.swift */,
			);
			path = View;
			sourceTree = "<group>";
		};
		E5438ECE29D6DFD800C11BD8 /* Presenter */ = {
			isa = PBXGroup;
			children = (
				E574922229DD96BC0014FC00 /* DishChooserPresenter.swift */,
			);
			path = Presenter;
			sourceTree = "<group>";
		};
		E5438ECF29D6E0CF00C11BD8 /* DishAmountModule */ = {
			isa = PBXGroup;
			children = (
				E5438ED229D6E0EC00C11BD8 /* Presenter */,
				E5438ED129D6E0E800C11BD8 /* View */,
				E5438ED029D6E0E100C11BD8 /* Model */,
			);
			path = DishAmountModule;
			sourceTree = "<group>";
		};
		E5438ED029D6E0E100C11BD8 /* Model */ = {
			isa = PBXGroup;
			children = (
				E574922429DDA27F0014FC00 /* DishAmountModel.swift */,
			);
			path = Model;
			sourceTree = "<group>";
		};
		E5438ED129D6E0E800C11BD8 /* View */ = {
			isa = PBXGroup;
			children = (
				E5A53C3A29C644D50056EDC6 /* DishAmountViewController.swift */,
			);
			path = View;
			sourceTree = "<group>";
		};
		E5438ED229D6E0EC00C11BD8 /* Presenter */ = {
			isa = PBXGroup;
			children = (
				E574922029DD86390014FC00 /* DishAmountPresenter.swift */,
			);
			path = Presenter;
			sourceTree = "<group>";
		};
		E574921829DCAB050014FC00 /* ReusableUI */ = {
			isa = PBXGroup;
			children = (
				E541E24B2A1CCFF80076864A /* SegmentedControl */,
				E541E2482A1CC8B40076864A /* TextFields */,
				E57C4B012A1B774D00490238 /* TableViews */,
				E57C4AFE2A1B765100490238 /* SearchBars */,
				E57C4AFB2A1B717700490238 /* Steppers */,
				E57C4AF82A1B706B00490238 /* Buttons */,
				E57C4AF72A1B6F8900490238 /* Labels */,
				E57C4AF42A1B6CEE00490238 /* Charts */,
				E57C4AF32A1B6CD000490238 /* ConfigurableViewProtocol */,
				E574921929DCAB130014FC00 /* NameDetailCell */,
			);
			path = ReusableUI;
			sourceTree = "<group>";
		};
		E574921929DCAB130014FC00 /* NameDetailCell */ = {
			isa = PBXGroup;
			children = (
				E574921A29DCAB9A0014FC00 /* NameDetailCell.swift */,
				E574921C29DCABA90014FC00 /* NameDetailCellModel.swift */,
			);
			path = NameDetailCell;
			sourceTree = "<group>";
		};
		E57C4AF12A1B69EE00490238 /* Router */ = {
			isa = PBXGroup;
			children = (
				E5438ED829D6EA2A00C11BD8 /* Router.swift */,
			);
			path = Router;
			sourceTree = "<group>";
		};
		E57C4AF22A1B69FA00490238 /* Assembly */ = {
			isa = PBXGroup;
			children = (
				E5438EDB29D6EA4200C11BD8 /* Assembly.swift */,
			);
			path = Assembly;
			sourceTree = "<group>";
		};
		E57C4AF32A1B6CD000490238 /* ConfigurableViewProtocol */ = {
			isa = PBXGroup;
			children = (
				E574921E29DCAE710014FC00 /* ConfigurableViewProtocol.swift */,
			);
			path = ConfigurableViewProtocol;
			sourceTree = "<group>";
		};
		E57C4AF42A1B6CEE00490238 /* Charts */ = {
			isa = PBXGroup;
			children = (
				E5ACD3FB29F8F82E005C7698 /* LineChartView.swift */,
				E5E6DEE129F578AF00E0A15C /* PieChartView.swift */,
			);
			path = Charts;
			sourceTree = "<group>";
		};
		E57C4AF72A1B6F8900490238 /* Labels */ = {
			isa = PBXGroup;
			children = (
				E57C4AF52A1B6F8300490238 /* Labels.swift */,
			);
			path = Labels;
			sourceTree = "<group>";
		};
		E57C4AF82A1B706B00490238 /* Buttons */ = {
			isa = PBXGroup;
			children = (
				E57C4AF92A1B707900490238 /* Button.swift */,
			);
			path = Buttons;
			sourceTree = "<group>";
		};
		E57C4AFB2A1B717700490238 /* Steppers */ = {
			isa = PBXGroup;
			children = (
				E57C4AFC2A1B718800490238 /* Stepper.swift */,
			);
			path = Steppers;
			sourceTree = "<group>";
		};
		E57C4AFE2A1B765100490238 /* SearchBars */ = {
			isa = PBXGroup;
			children = (
				E57C4AFF2A1B766700490238 /* SearchBar.swift */,
			);
			path = SearchBars;
			sourceTree = "<group>";
		};
		E57C4B012A1B774D00490238 /* TableViews */ = {
			isa = PBXGroup;
			children = (
				E57C4B022A1B775B00490238 /* TableView.swift */,
			);
			path = TableViews;
			sourceTree = "<group>";
		};
		E58C00E029C234DF0021FAEB = {
			isa = PBXGroup;
			children = (
				E58C00EB29C234DF0021FAEB /* FoodDiary */,
				E58C00FA29C234E00021FAEB /* LaunchScreen.storyboard */,
				E58C00EA29C234DF0021FAEB /* Products */,
			);
			sourceTree = "<group>";
		};
		E58C00EA29C234DF0021FAEB /* Products */ = {
			isa = PBXGroup;
			children = (
				E58C00E929C234DF0021FAEB /* FoodDiary.app */,
			);
			name = Products;
			sourceTree = "<group>";
		};
		E58C00EB29C234DF0021FAEB /* FoodDiary */ = {
			isa = PBXGroup;
			children = (
				E574921829DCAB050014FC00 /* ReusableUI */,
				E5438EBA29D6DE7500C11BD8 /* Modules */,
				E5438EB929D6DE2300C11BD8 /* Resources */,
				E5438EB529D6DC0400C11BD8 /* Application */,
				E5438EB429D6DBB300C11BD8 /* Database */,
				E58C011329C2364A0021FAEB /* Extensions */,
			);
			path = FoodDiary;
			sourceTree = "<group>";
		};
		E58C011329C2364A0021FAEB /* Extensions */ = {
			isa = PBXGroup;
			children = (
				E58C011129C236400021FAEB /* UIImage.swift */,
			);
			path = Extensions;
			sourceTree = "<group>";
		};
/* End PBXGroup section */

/* Begin PBXNativeTarget section */
		E58C00E829C234DF0021FAEB /* FoodDiary */ = {
			isa = PBXNativeTarget;
			buildConfigurationList = E58C010029C234E00021FAEB /* Build configuration list for PBXNativeTarget "FoodDiary" */;
			buildPhases = (
				E58C00E529C234DF0021FAEB /* Sources */,
				E58C00E629C234DF0021FAEB /* Frameworks */,
				E58C00E729C234DF0021FAEB /* Resources */,
			);
			buildRules = (
			);
			dependencies = (
			);
			name = FoodDiary;
			productName = FoodDiary;
			productReference = E58C00E929C234DF0021FAEB /* FoodDiary.app */;
			productType = "com.apple.product-type.application";
		};
/* End PBXNativeTarget section */

/* Begin PBXProject section */
		E58C00E129C234DF0021FAEB /* Project object */ = {
			isa = PBXProject;
			attributes = {
				BuildIndependentTargetsInParallel = 1;
				LastSwiftUpdateCheck = 1420;
				LastUpgradeCheck = 1420;
				TargetAttributes = {
					E58C00E829C234DF0021FAEB = {
						CreatedOnToolsVersion = 14.2;
					};
				};
			};
			buildConfigurationList = E58C00E429C234DF0021FAEB /* Build configuration list for PBXProject "FoodDiary" */;
			compatibilityVersion = "Xcode 14.0";
			developmentRegion = en;
			hasScannedForEncodings = 0;
			knownRegions = (
				en,
				Base,
			);
			mainGroup = E58C00E029C234DF0021FAEB;
			productRefGroup = E58C00EA29C234DF0021FAEB /* Products */;
			projectDirPath = "";
			projectRoot = "";
			targets = (
				E58C00E829C234DF0021FAEB /* FoodDiary */,
			);
		};
/* End PBXProject section */

/* Begin PBXResourcesBuildPhase section */
		E58C00E729C234DF0021FAEB /* Resources */ = {
			isa = PBXResourcesBuildPhase;
			buildActionMask = 2147483647;
			files = (
				E50C1FCF29CC3330001587FA /* dishes.json in Resources */,
				E58C00FC29C234E00021FAEB /* LaunchScreen.storyboard in Resources */,
			);
			runOnlyForDeploymentPostprocessing = 0;
		};
/* End PBXResourcesBuildPhase section */

/* Begin PBXSourcesBuildPhase section */
		E58C00E529C234DF0021FAEB /* Sources */ = {
			isa = PBXSourcesBuildPhase;
			buildActionMask = 2147483647;
			files = (
				E551078129D0470300BBB6EE /* FoodDiary.xcdatamodeld in Sources */,
				E5E6DEE229F578AF00E0A15C /* PieChartView.swift in Sources */,
				E574921D29DCABA90014FC00 /* NameDetailCellModel.swift in Sources */,
				E57C4AFA2A1B707900490238 /* Button.swift in Sources */,
				E5D6FF4629E8170700881AA4 /* NewDishModel.swift in Sources */,
				E5438EDC29D6EA4200C11BD8 /* Assembly.swift in Sources */,
				E5D6FF4429E7EE6000881AA4 /* NewDishPresenter.swift in Sources */,
				E574922129DD86390014FC00 /* DishAmountPresenter.swift in Sources */,
				E53FBAAB29F917F100D6FC44 /* CalendarView.swift in Sources */,
				E551077F29D046A000BBB6EE /* Dish.swift in Sources */,
				E53FBAAD29F9180500D6FC44 /* DayStatsView.swift in Sources */,
				E541E24A2A1CC8CE0076864A /* TextField.swift in Sources */,
				E551077A29D0468800BBB6EE /* UIImage.swift in Sources */,
				E5ACD3FC29F8F82E005C7698 /* LineChartView.swift in Sources */,
				E57C4B072A1BB6EA00490238 /* KeychainService.swift in Sources */,
				E57C4AF62A1B6F8300490238 /* Labels.swift in Sources */,
				E5438EE429D7791D00C11BD8 /* DishesPresenter.swift in Sources */,
				E57C4B002A1B766700490238 /* SearchBar.swift in Sources */,
				E5438EE029D7174E00C11BD8 /* DayPresenter.swift in Sources */,
				E5BC9D7429E16E9B00E048C2 /* ProfileSettingViewController.swift in Sources */,
				E574922329DD96BC0014FC00 /* DishChooserPresenter.swift in Sources */,
				E574921F29DCAE710014FC00 /* ConfigurableViewProtocol.swift in Sources */,
				E541E24D2A1CD0150076864A /* SegmentedControl.swift in Sources */,
				E57C4AFD2A1B718800490238 /* Stepper.swift in Sources */,
				E551077C29D0468800BBB6EE /* AppDelegate.swift in Sources */,
				E5438ED929D6EA2A00C11BD8 /* Router.swift in Sources */,
				E551077E29D0468800BBB6EE /* SettingsViewController.swift in Sources */,
				E574922529DDA27F0014FC00 /* DishAmountModel.swift in Sources */,
				E5BC9D7629E16EB700E048C2 /* MealSettingViewController.swift in Sources */,
				E551077529D0467300BBB6EE /* DishAmountViewController.swift in Sources */,
				E551077629D0467300BBB6EE /* DishesViewController.swift in Sources */,
				E574921B29DCAB9A0014FC00 /* NameDetailCell.swift in Sources */,
				E551077729D0467300BBB6EE /* DayViewController.swift in Sources */,
				E57C4B052A1B823E00490238 /* FetchedResultController.swift in Sources */,
				E551077829D0467300BBB6EE /* NewDishViewController.swift in Sources */,
				E57C4B032A1B775B00490238 /* TableView.swift in Sources */,
				E5D0730729D34A2200C26154 /* CoreDataStack.swift in Sources */,
				E5438EE229D752A800C11BD8 /* SettingsPresenter.swift in Sources */,
				E551077929D0467300BBB6EE /* DishChooserViewController.swift in Sources */,
			);
			runOnlyForDeploymentPostprocessing = 0;
		};
/* End PBXSourcesBuildPhase section */

/* Begin PBXVariantGroup section */
		E58C00FA29C234E00021FAEB /* LaunchScreen.storyboard */ = {
			isa = PBXVariantGroup;
			children = (
				E58C00FB29C234E00021FAEB /* Base */,
			);
			name = LaunchScreen.storyboard;
			sourceTree = "<group>";
		};
/* End PBXVariantGroup section */

/* Begin XCBuildConfiguration section */
		E58C00FE29C234E00021FAEB /* Debug */ = {
			isa = XCBuildConfiguration;
			buildSettings = {
				ALWAYS_SEARCH_USER_PATHS = NO;
				CLANG_ANALYZER_NONNULL = YES;
				CLANG_ANALYZER_NUMBER_OBJECT_CONVERSION = YES_AGGRESSIVE;
				CLANG_CXX_LANGUAGE_STANDARD = "gnu++20";
				CLANG_ENABLE_MODULES = YES;
				CLANG_ENABLE_OBJC_ARC = YES;
				CLANG_ENABLE_OBJC_WEAK = YES;
				CLANG_WARN_BLOCK_CAPTURE_AUTORELEASING = YES;
				CLANG_WARN_BOOL_CONVERSION = YES;
				CLANG_WARN_COMMA = YES;
				CLANG_WARN_CONSTANT_CONVERSION = YES;
				CLANG_WARN_DEPRECATED_OBJC_IMPLEMENTATIONS = YES;
				CLANG_WARN_DIRECT_OBJC_ISA_USAGE = YES_ERROR;
				CLANG_WARN_DOCUMENTATION_COMMENTS = YES;
				CLANG_WARN_EMPTY_BODY = YES;
				CLANG_WARN_ENUM_CONVERSION = YES;
				CLANG_WARN_INFINITE_RECURSION = YES;
				CLANG_WARN_INT_CONVERSION = YES;
				CLANG_WARN_NON_LITERAL_NULL_CONVERSION = YES;
				CLANG_WARN_OBJC_IMPLICIT_RETAIN_SELF = YES;
				CLANG_WARN_OBJC_LITERAL_CONVERSION = YES;
				CLANG_WARN_OBJC_ROOT_CLASS = YES_ERROR;
				CLANG_WARN_QUOTED_INCLUDE_IN_FRAMEWORK_HEADER = YES;
				CLANG_WARN_RANGE_LOOP_ANALYSIS = YES;
				CLANG_WARN_STRICT_PROTOTYPES = YES;
				CLANG_WARN_SUSPICIOUS_MOVE = YES;
				CLANG_WARN_UNGUARDED_AVAILABILITY = YES_AGGRESSIVE;
				CLANG_WARN_UNREACHABLE_CODE = YES;
				CLANG_WARN__DUPLICATE_METHOD_MATCH = YES;
				COPY_PHASE_STRIP = NO;
				DEBUG_INFORMATION_FORMAT = dwarf;
				ENABLE_STRICT_OBJC_MSGSEND = YES;
				ENABLE_TESTABILITY = YES;
				GCC_C_LANGUAGE_STANDARD = gnu11;
				GCC_DYNAMIC_NO_PIC = NO;
				GCC_NO_COMMON_BLOCKS = YES;
				GCC_OPTIMIZATION_LEVEL = 0;
				GCC_PREPROCESSOR_DEFINITIONS = (
					"DEBUG=1",
					"$(inherited)",
				);
				GCC_WARN_64_TO_32_BIT_CONVERSION = YES;
				GCC_WARN_ABOUT_RETURN_TYPE = YES_ERROR;
				GCC_WARN_UNDECLARED_SELECTOR = YES;
				GCC_WARN_UNINITIALIZED_AUTOS = YES_AGGRESSIVE;
				GCC_WARN_UNUSED_FUNCTION = YES;
				GCC_WARN_UNUSED_VARIABLE = YES;
				IPHONEOS_DEPLOYMENT_TARGET = 15.0;
				MTL_ENABLE_DEBUG_INFO = INCLUDE_SOURCE;
				MTL_FAST_MATH = YES;
				ONLY_ACTIVE_ARCH = YES;
				SDKROOT = iphoneos;
				SWIFT_ACTIVE_COMPILATION_CONDITIONS = DEBUG;
				SWIFT_OPTIMIZATION_LEVEL = "-Onone";
			};
			name = Debug;
		};
		E58C00FF29C234E00021FAEB /* Release */ = {
			isa = XCBuildConfiguration;
			buildSettings = {
				ALWAYS_SEARCH_USER_PATHS = NO;
				CLANG_ANALYZER_NONNULL = YES;
				CLANG_ANALYZER_NUMBER_OBJECT_CONVERSION = YES_AGGRESSIVE;
				CLANG_CXX_LANGUAGE_STANDARD = "gnu++20";
				CLANG_ENABLE_MODULES = YES;
				CLANG_ENABLE_OBJC_ARC = YES;
				CLANG_ENABLE_OBJC_WEAK = YES;
				CLANG_WARN_BLOCK_CAPTURE_AUTORELEASING = YES;
				CLANG_WARN_BOOL_CONVERSION = YES;
				CLANG_WARN_COMMA = YES;
				CLANG_WARN_CONSTANT_CONVERSION = YES;
				CLANG_WARN_DEPRECATED_OBJC_IMPLEMENTATIONS = YES;
				CLANG_WARN_DIRECT_OBJC_ISA_USAGE = YES_ERROR;
				CLANG_WARN_DOCUMENTATION_COMMENTS = YES;
				CLANG_WARN_EMPTY_BODY = YES;
				CLANG_WARN_ENUM_CONVERSION = YES;
				CLANG_WARN_INFINITE_RECURSION = YES;
				CLANG_WARN_INT_CONVERSION = YES;
				CLANG_WARN_NON_LITERAL_NULL_CONVERSION = YES;
				CLANG_WARN_OBJC_IMPLICIT_RETAIN_SELF = YES;
				CLANG_WARN_OBJC_LITERAL_CONVERSION = YES;
				CLANG_WARN_OBJC_ROOT_CLASS = YES_ERROR;
				CLANG_WARN_QUOTED_INCLUDE_IN_FRAMEWORK_HEADER = YES;
				CLANG_WARN_RANGE_LOOP_ANALYSIS = YES;
				CLANG_WARN_STRICT_PROTOTYPES = YES;
				CLANG_WARN_SUSPICIOUS_MOVE = YES;
				CLANG_WARN_UNGUARDED_AVAILABILITY = YES_AGGRESSIVE;
				CLANG_WARN_UNREACHABLE_CODE = YES;
				CLANG_WARN__DUPLICATE_METHOD_MATCH = YES;
				COPY_PHASE_STRIP = NO;
				DEBUG_INFORMATION_FORMAT = "dwarf-with-dsym";
				ENABLE_NS_ASSERTIONS = NO;
				ENABLE_STRICT_OBJC_MSGSEND = YES;
				GCC_C_LANGUAGE_STANDARD = gnu11;
				GCC_NO_COMMON_BLOCKS = YES;
				GCC_WARN_64_TO_32_BIT_CONVERSION = YES;
				GCC_WARN_ABOUT_RETURN_TYPE = YES_ERROR;
				GCC_WARN_UNDECLARED_SELECTOR = YES;
				GCC_WARN_UNINITIALIZED_AUTOS = YES_AGGRESSIVE;
				GCC_WARN_UNUSED_FUNCTION = YES;
				GCC_WARN_UNUSED_VARIABLE = YES;
				IPHONEOS_DEPLOYMENT_TARGET = 15.0;
				MTL_ENABLE_DEBUG_INFO = NO;
				MTL_FAST_MATH = YES;
				SDKROOT = iphoneos;
				SWIFT_COMPILATION_MODE = wholemodule;
				SWIFT_OPTIMIZATION_LEVEL = "-O";
				VALIDATE_PRODUCT = YES;
			};
			name = Release;
		};
		E58C010129C234E00021FAEB /* Debug */ = {
			isa = XCBuildConfiguration;
			buildSettings = {
				ASSETCATALOG_COMPILER_APPICON_NAME = AppIcon;
				ASSETCATALOG_COMPILER_GLOBAL_ACCENT_COLOR_NAME = AccentColor;
				CODE_SIGN_STYLE = Automatic;
				CURRENT_PROJECT_VERSION = 1;
				DEVELOPMENT_TEAM = C9MJ8XP8NU;
				GENERATE_INFOPLIST_FILE = YES;
				INFOPLIST_FILE = FoodDiary/Resources/Info.plist;
				INFOPLIST_KEY_UIApplicationSupportsIndirectInputEvents = YES;
				INFOPLIST_KEY_UILaunchStoryboardName = LaunchScreen.storyboard;
				INFOPLIST_KEY_UISupportedInterfaceOrientations = "UIInterfaceOrientationPortrait UIInterfaceOrientationPortraitUpsideDown";
				INFOPLIST_KEY_UISupportedInterfaceOrientations_iPad = "UIInterfaceOrientationLandscapeLeft UIInterfaceOrientationLandscapeRight UIInterfaceOrientationPortrait UIInterfaceOrientationPortraitUpsideDown";
				IPHONEOS_DEPLOYMENT_TARGET = 15.1;
				LD_RUNPATH_SEARCH_PATHS = (
					"$(inherited)",
					"@executable_path/Frameworks",
				);
				MARKETING_VERSION = 1.0;
				PRODUCT_BUNDLE_IDENTIFIER = maksimow.FoodDiary;
				PRODUCT_NAME = "$(TARGET_NAME)";
				SUPPORTED_PLATFORMS = "iphoneos iphonesimulator";
				SUPPORTS_MACCATALYST = NO;
				SUPPORTS_MAC_DESIGNED_FOR_IPHONE_IPAD = NO;
				SWIFT_EMIT_LOC_STRINGS = YES;
				SWIFT_VERSION = 5.0;
				TARGETED_DEVICE_FAMILY = 1;
			};
			name = Debug;
		};
		E58C010229C234E00021FAEB /* Release */ = {
			isa = XCBuildConfiguration;
			buildSettings = {
				ASSETCATALOG_COMPILER_APPICON_NAME = AppIcon;
				ASSETCATALOG_COMPILER_GLOBAL_ACCENT_COLOR_NAME = AccentColor;
				CODE_SIGN_STYLE = Automatic;
				CURRENT_PROJECT_VERSION = 1;
				DEVELOPMENT_TEAM = C9MJ8XP8NU;
				GENERATE_INFOPLIST_FILE = YES;
				INFOPLIST_FILE = FoodDiary/Resources/Info.plist;
				INFOPLIST_KEY_UIApplicationSupportsIndirectInputEvents = YES;
				INFOPLIST_KEY_UILaunchStoryboardName = LaunchScreen.storyboard;
				INFOPLIST_KEY_UISupportedInterfaceOrientations = "UIInterfaceOrientationPortrait UIInterfaceOrientationPortraitUpsideDown";
				INFOPLIST_KEY_UISupportedInterfaceOrientations_iPad = "UIInterfaceOrientationLandscapeLeft UIInterfaceOrientationLandscapeRight UIInterfaceOrientationPortrait UIInterfaceOrientationPortraitUpsideDown";
				IPHONEOS_DEPLOYMENT_TARGET = 15.1;
				LD_RUNPATH_SEARCH_PATHS = (
					"$(inherited)",
					"@executable_path/Frameworks",
				);
				MARKETING_VERSION = 1.0;
				PRODUCT_BUNDLE_IDENTIFIER = maksimow.FoodDiary;
				PRODUCT_NAME = "$(TARGET_NAME)";
				SUPPORTED_PLATFORMS = "iphoneos iphonesimulator";
				SUPPORTS_MACCATALYST = NO;
				SUPPORTS_MAC_DESIGNED_FOR_IPHONE_IPAD = NO;
				SWIFT_EMIT_LOC_STRINGS = YES;
				SWIFT_VERSION = 5.0;
				TARGETED_DEVICE_FAMILY = 1;
			};
			name = Release;
		};
/* End XCBuildConfiguration section */

/* Begin XCConfigurationList section */
		E58C00E429C234DF0021FAEB /* Build configuration list for PBXProject "FoodDiary" */ = {
			isa = XCConfigurationList;
			buildConfigurations = (
				E58C00FE29C234E00021FAEB /* Debug */,
				E58C00FF29C234E00021FAEB /* Release */,
			);
			defaultConfigurationIsVisible = 0;
			defaultConfigurationName = Release;
		};
		E58C010029C234E00021FAEB /* Build configuration list for PBXNativeTarget "FoodDiary" */ = {
			isa = XCConfigurationList;
			buildConfigurations = (
				E58C010129C234E00021FAEB /* Debug */,
				E58C010229C234E00021FAEB /* Release */,
			);
			defaultConfigurationIsVisible = 0;
			defaultConfigurationName = Release;
		};
/* End XCConfigurationList section */

/* Begin XCVersionGroup section */
		E50C1FC929CC2D85001587FA /* FoodDiary.xcdatamodeld */ = {
			isa = XCVersionGroup;
			children = (
				E50C1FCA29CC2D85001587FA /* FoodDiary.xcdatamodel */,
			);
			currentVersion = E50C1FCA29CC2D85001587FA /* FoodDiary.xcdatamodel */;
			path = FoodDiary.xcdatamodeld;
			sourceTree = "<group>";
			versionGroupType = wrapper.xcdatamodel;
		};
/* End XCVersionGroup section */
	};
	rootObject = E58C00E129C234DF0021FAEB /* Project object */;
}
